// !$*UTF8*$!
{
	archiveVersion = 1;
	classes = {
	};
	objectVersion = 50;
	objects = {

/* Begin PBXBuildFile section */
		7444B83D24410037009CFC30 /* AppDelegate.swift in Sources */ = {isa = PBXBuildFile; fileRef = 7444B83C24410037009CFC30 /* AppDelegate.swift */; };
		7444B83F24410037009CFC30 /* SceneDelegate.swift in Sources */ = {isa = PBXBuildFile; fileRef = 7444B83E24410037009CFC30 /* SceneDelegate.swift */; };
		7444B84124410037009CFC30 /* HomeViewController.swift in Sources */ = {isa = PBXBuildFile; fileRef = 7444B84024410037009CFC30 /* HomeViewController.swift */; };
		7444B84424410037009CFC30 /* Main.storyboard in Resources */ = {isa = PBXBuildFile; fileRef = 7444B84224410037009CFC30 /* Main.storyboard */; };
		7444B8462441003E009CFC30 /* Assets.xcassets in Resources */ = {isa = PBXBuildFile; fileRef = 7444B8452441003E009CFC30 /* Assets.xcassets */; };
		7444B8492441003E009CFC30 /* LaunchScreen.storyboard in Resources */ = {isa = PBXBuildFile; fileRef = 7444B8472441003E009CFC30 /* LaunchScreen.storyboard */; };
		7444B85124410FF2009CFC30 /* CustomLockViewController.swift in Sources */ = {isa = PBXBuildFile; fileRef = 7444B85024410FF2009CFC30 /* CustomLockViewController.swift */; };
		7444B8532442C447009CFC30 /* ToggleButton.swift in Sources */ = {isa = PBXBuildFile; fileRef = 7444B8522442C447009CFC30 /* ToggleButton.swift */; };
		7444B8752443CDCE009CFC30 /* PatternCell.swift in Sources */ = {isa = PBXBuildFile; fileRef = 7444B8742443CDCE009CFC30 /* PatternCell.swift */; };
/* End PBXBuildFile section */

/* Begin PBXFileReference section */
		7444B83924410037009CFC30 /* Vibe.app */ = {isa = PBXFileReference; explicitFileType = wrapper.application; includeInIndex = 0; path = Vibe.app; sourceTree = BUILT_PRODUCTS_DIR; };
		7444B83C24410037009CFC30 /* AppDelegate.swift */ = {isa = PBXFileReference; lastKnownFileType = sourcecode.swift; path = AppDelegate.swift; sourceTree = "<group>"; };
		7444B83E24410037009CFC30 /* SceneDelegate.swift */ = {isa = PBXFileReference; lastKnownFileType = sourcecode.swift; path = SceneDelegate.swift; sourceTree = "<group>"; };
		7444B84024410037009CFC30 /* HomeViewController.swift */ = {isa = PBXFileReference; lastKnownFileType = sourcecode.swift; path = HomeViewController.swift; sourceTree = "<group>"; };
		7444B84324410037009CFC30 /* Base */ = {isa = PBXFileReference; lastKnownFileType = file.storyboard; name = Base; path = Base.lproj/Main.storyboard; sourceTree = "<group>"; };
		7444B8452441003E009CFC30 /* Assets.xcassets */ = {isa = PBXFileReference; lastKnownFileType = folder.assetcatalog; path = Assets.xcassets; sourceTree = "<group>"; };
		7444B8482441003E009CFC30 /* Base */ = {isa = PBXFileReference; lastKnownFileType = file.storyboard; name = Base; path = Base.lproj/LaunchScreen.storyboard; sourceTree = "<group>"; };
		7444B84A2441003E009CFC30 /* Info.plist */ = {isa = PBXFileReference; lastKnownFileType = text.plist.xml; path = Info.plist; sourceTree = "<group>"; };
		7444B85024410FF2009CFC30 /* CustomLockViewController.swift */ = {isa = PBXFileReference; lastKnownFileType = sourcecode.swift; path = CustomLockViewController.swift; sourceTree = "<group>"; };
		7444B8522442C447009CFC30 /* ToggleButton.swift */ = {isa = PBXFileReference; lastKnownFileType = sourcecode.swift; path = ToggleButton.swift; sourceTree = "<group>"; };
		7444B8742443CDCE009CFC30 /* PatternCell.swift */ = {isa = PBXFileReference; lastKnownFileType = sourcecode.swift; path = PatternCell.swift; sourceTree = "<group>"; };
/* End PBXFileReference section */

/* Begin PBXFrameworksBuildPhase section */
		7444B83624410037009CFC30 /* Frameworks */ = {
			isa = PBXFrameworksBuildPhase;
			buildActionMask = 2147483647;
			files = (
			);
			runOnlyForDeploymentPostprocessing = 0;
		};
/* End PBXFrameworksBuildPhase section */

/* Begin PBXGroup section */
		7444B83024410037009CFC30 = {
			isa = PBXGroup;
			children = (
				7444B83B24410037009CFC30 /* Vibe */,
				7444B83A24410037009CFC30 /* Products */,
			);
			sourceTree = "<group>";
		};
		7444B83A24410037009CFC30 /* Products */ = {
			isa = PBXGroup;
			children = (
				7444B83924410037009CFC30 /* Vibe.app */,
			);
			name = Products;
			sourceTree = "<group>";
		};
		7444B83B24410037009CFC30 /* Vibe */ = {
			isa = PBXGroup;
			children = (
				7444B83C24410037009CFC30 /* AppDelegate.swift */,
				7444B83E24410037009CFC30 /* SceneDelegate.swift */,
				7444B8522442C447009CFC30 /* ToggleButton.swift */,
				7444B8742443CDCE009CFC30 /* PatternCell.swift */,
				7444B84024410037009CFC30 /* HomeViewController.swift */,
				7444B85024410FF2009CFC30 /* CustomLockViewController.swift */,
				7444B84224410037009CFC30 /* Main.storyboard */,
				7444B8452441003E009CFC30 /* Assets.xcassets */,
				7444B8472441003E009CFC30 /* LaunchScreen.storyboard */,
				7444B84A2441003E009CFC30 /* Info.plist */,
			);
			path = Vibe;
			sourceTree = "<group>";
		};
/* End PBXGroup section */

/* Begin PBXNativeTarget section */
		7444B83824410037009CFC30 /* Vibe */ = {
			isa = PBXNativeTarget;
			buildConfigurationList = 7444B84D2441003E009CFC30 /* Build configuration list for PBXNativeTarget "Vibe" */;
			buildPhases = (
				7444B83524410037009CFC30 /* Sources */,
				7444B83624410037009CFC30 /* Frameworks */,
				7444B83724410037009CFC30 /* Resources */,
			);
			buildRules = (
			);
			dependencies = (
			);
			name = Vibe;
			productName = Vibe;
			productReference = 7444B83924410037009CFC30 /* Vibe.app */;
			productType = "com.apple.product-type.application";
		};
/* End PBXNativeTarget section */

/* Begin PBXProject section */
		7444B83124410037009CFC30 /* Project object */ = {
			isa = PBXProject;
			attributes = {
				LastSwiftUpdateCheck = 1140;
				LastUpgradeCheck = 1140;
				ORGANIZATIONNAME = "Krishnil Bhojani";
				TargetAttributes = {
					7444B83824410037009CFC30 = {
						CreatedOnToolsVersion = 11.4;
					};
				};
			};
			buildConfigurationList = 7444B83424410037009CFC30 /* Build configuration list for PBXProject "Vibe" */;
			compatibilityVersion = "Xcode 9.3";
			developmentRegion = en;
			hasScannedForEncodings = 0;
			knownRegions = (
				en,
				Base,
			);
			mainGroup = 7444B83024410037009CFC30;
			productRefGroup = 7444B83A24410037009CFC30 /* Products */;
			projectDirPath = "";
			projectRoot = "";
			targets = (
				7444B83824410037009CFC30 /* Vibe */,
			);
		};
/* End PBXProject section */

/* Begin PBXResourcesBuildPhase section */
		7444B83724410037009CFC30 /* Resources */ = {
			isa = PBXResourcesBuildPhase;
			buildActionMask = 2147483647;
			files = (
				7444B8492441003E009CFC30 /* LaunchScreen.storyboard in Resources */,
				7444B8462441003E009CFC30 /* Assets.xcassets in Resources */,
				7444B84424410037009CFC30 /* Main.storyboard in Resources */,
			);
			runOnlyForDeploymentPostprocessing = 0;
		};
/* End PBXResourcesBuildPhase section */

/* Begin PBXSourcesBuildPhase section */
		7444B83524410037009CFC30 /* Sources */ = {
			isa = PBXSourcesBuildPhase;
			buildActionMask = 2147483647;
			files = (
				7444B84124410037009CFC30 /* HomeViewController.swift in Sources */,
				7444B8532442C447009CFC30 /* ToggleButton.swift in Sources */,
				7444B83D24410037009CFC30 /* AppDelegate.swift in Sources */,
				7444B83F24410037009CFC30 /* SceneDelegate.swift in Sources */,
				7444B8752443CDCE009CFC30 /* PatternCell.swift in Sources */,
				7444B85124410FF2009CFC30 /* CustomLockViewController.swift in Sources */,
			);
			runOnlyForDeploymentPostprocessing = 0;
		};
/* End PBXSourcesBuildPhase section */

/* Begin PBXVariantGroup section */
		7444B84224410037009CFC30 /* Main.storyboard */ = {
			isa = PBXVariantGroup;
			children = (
				7444B84324410037009CFC30 /* Base */,
			);
			name = Main.storyboard;
			sourceTree = "<group>";
		};
		7444B8472441003E009CFC30 /* LaunchScreen.storyboard */ = {
			isa = PBXVariantGroup;
			children = (
				7444B8482441003E009CFC30 /* Base */,
			);
			name = LaunchScreen.storyboard;
			sourceTree = "<group>";
		};
/* End PBXVariantGroup section */

/* Begin XCBuildConfiguration section */
		7444B84B2441003E009CFC30 /* Debug */ = {
			isa = XCBuildConfiguration;
			buildSettings = {
				ALWAYS_SEARCH_USER_PATHS = NO;
				CLANG_ANALYZER_NONNULL = YES;
				CLANG_ANALYZER_NUMBER_OBJECT_CONVERSION = YES_AGGRESSIVE;
				CLANG_CXX_LANGUAGE_STANDARD = "gnu++14";
				CLANG_CXX_LIBRARY = "libc++";
				CLANG_ENABLE_MODULES = YES;
				CLANG_ENABLE_OBJC_ARC = YES;
				CLANG_ENABLE_OBJC_WEAK = YES;
				CLANG_WARN_BLOCK_CAPTURE_AUTORELEASING = YES;
				CLANG_WARN_BOOL_CONVERSION = YES;
				CLANG_WARN_COMMA = YES;
				CLANG_WARN_CONSTANT_CONVERSION = YES;
				CLANG_WARN_DEPRECATED_OBJC_IMPLEMENTATIONS = YES;
				CLANG_WARN_DIRECT_OBJC_ISA_USAGE = YES_ERROR;
				CLANG_WARN_DOCUMENTATION_COMMENTS = YES;
				CLANG_WARN_EMPTY_BODY = YES;
				CLANG_WARN_ENUM_CONVERSION = YES;
				CLANG_WARN_INFINITE_RECURSION = YES;
				CLANG_WARN_INT_CONVERSION = YES;
				CLANG_WARN_NON_LITERAL_NULL_CONVERSION = YES;
				CLANG_WARN_OBJC_IMPLICIT_RETAIN_SELF = YES;
				CLANG_WARN_OBJC_LITERAL_CONVERSION = YES;
				CLANG_WARN_OBJC_ROOT_CLASS = YES_ERROR;
				CLANG_WARN_RANGE_LOOP_ANALYSIS = YES;
				CLANG_WARN_STRICT_PROTOTYPES = YES;
				CLANG_WARN_SUSPICIOUS_MOVE = YES;
				CLANG_WARN_UNGUARDED_AVAILABILITY = YES_AGGRESSIVE;
				CLANG_WARN_UNREACHABLE_CODE = YES;
				CLANG_WARN__DUPLICATE_METHOD_MATCH = YES;
				COPY_PHASE_STRIP = NO;
				DEBUG_INFORMATION_FORMAT = dwarf;
				ENABLE_STRICT_OBJC_MSGSEND = YES;
				ENABLE_TESTABILITY = YES;
				GCC_C_LANGUAGE_STANDARD = gnu11;
				GCC_DYNAMIC_NO_PIC = NO;
				GCC_NO_COMMON_BLOCKS = YES;
				GCC_OPTIMIZATION_LEVEL = 0;
				GCC_PREPROCESSOR_DEFINITIONS = (
					"DEBUG=1",
					"$(inherited)",
				);
				GCC_WARN_64_TO_32_BIT_CONVERSION = YES;
				GCC_WARN_ABOUT_RETURN_TYPE = YES_ERROR;
				GCC_WARN_UNDECLARED_SELECTOR = YES;
				GCC_WARN_UNINITIALIZED_AUTOS = YES_AGGRESSIVE;
				GCC_WARN_UNUSED_FUNCTION = YES;
				GCC_WARN_UNUSED_VARIABLE = YES;
				IPHONEOS_DEPLOYMENT_TARGET = 13.4;
				MTL_ENABLE_DEBUG_INFO = INCLUDE_SOURCE;
				MTL_FAST_MATH = YES;
				ONLY_ACTIVE_ARCH = YES;
				SDKROOT = iphoneos;
				SWIFT_ACTIVE_COMPILATION_CONDITIONS = DEBUG;
				SWIFT_OPTIMIZATION_LEVEL = "-Onone";
			};
			name = Debug;
		};
		7444B84C2441003E009CFC30 /* Release */ = {
			isa = XCBuildConfiguration;
			buildSettings = {
				ALWAYS_SEARCH_USER_PATHS = NO;
				CLANG_ANALYZER_NONNULL = YES;
				CLANG_ANALYZER_NUMBER_OBJECT_CONVERSION = YES_AGGRESSIVE;
				CLANG_CXX_LANGUAGE_STANDARD = "gnu++14";
				CLANG_CXX_LIBRARY = "libc++";
				CLANG_ENABLE_MODULES = YES;
				CLANG_ENABLE_OBJC_ARC = YES;
				CLANG_ENABLE_OBJC_WEAK = YES;
				CLANG_WARN_BLOCK_CAPTURE_AUTORELEASING = YES;
				CLANG_WARN_BOOL_CONVERSION = YES;
				CLANG_WARN_COMMA = YES;
				CLANG_WARN_CONSTANT_CONVERSION = YES;
				CLANG_WARN_DEPRECATED_OBJC_IMPLEMENTATIONS = YES;
				CLANG_WARN_DIRECT_OBJC_ISA_USAGE = YES_ERROR;
				CLANG_WARN_DOCUMENTATION_COMMENTS = YES;
				CLANG_WARN_EMPTY_BODY = YES;
				CLANG_WARN_ENUM_CONVERSION = YES;
				CLANG_WARN_INFINITE_RECURSION = YES;
				CLANG_WARN_INT_CONVERSION = YES;
				CLANG_WARN_NON_LITERAL_NULL_CONVERSION = YES;
				CLANG_WARN_OBJC_IMPLICIT_RETAIN_SELF = YES;
				CLANG_WARN_OBJC_LITERAL_CONVERSION = YES;
				CLANG_WARN_OBJC_ROOT_CLASS = YES_ERROR;
				CLANG_WARN_RANGE_LOOP_ANALYSIS = YES;
				CLANG_WARN_STRICT_PROTOTYPES = YES;
				CLANG_WARN_SUSPICIOUS_MOVE = YES;
				CLANG_WARN_UNGUARDED_AVAILABILITY = YES_AGGRESSIVE;
				CLANG_WARN_UNREACHABLE_CODE = YES;
				CLANG_WARN__DUPLICATE_METHOD_MATCH = YES;
				COPY_PHASE_STRIP = NO;
				DEBUG_INFORMATION_FORMAT = "dwarf-with-dsym";
				ENABLE_NS_ASSERTIONS = NO;
				ENABLE_STRICT_OBJC_MSGSEND = YES;
				GCC_C_LANGUAGE_STANDARD = gnu11;
				GCC_NO_COMMON_BLOCKS = YES;
				GCC_WARN_64_TO_32_BIT_CONVERSION = YES;
				GCC_WARN_ABOUT_RETURN_TYPE = YES_ERROR;
				GCC_WARN_UNDECLARED_SELECTOR = YES;
				GCC_WARN_UNINITIALIZED_AUTOS = YES_AGGRESSIVE;
				GCC_WARN_UNUSED_FUNCTION = YES;
				GCC_WARN_UNUSED_VARIABLE = YES;
				IPHONEOS_DEPLOYMENT_TARGET = 13.4;
				MTL_ENABLE_DEBUG_INFO = NO;
				MTL_FAST_MATH = YES;
				SDKROOT = iphoneos;
				SWIFT_COMPILATION_MODE = wholemodule;
				SWIFT_OPTIMIZATION_LEVEL = "-O";
				VALIDATE_PRODUCT = YES;
			};
			name = Release;
		};
		7444B84E2441003E009CFC30 /* Debug */ = {
			isa = XCBuildConfiguration;
			buildSettings = {
				ASSETCATALOG_COMPILER_APPICON_NAME = AppIcon;
				CODE_SIGN_STYLE = Automatic;
				DEVELOPMENT_TEAM = C2VNGGX9YQ;
				INFOPLIST_FILE = Vibe/Info.plist;
				LD_RUNPATH_SEARCH_PATHS = (
					"$(inherited)",
					"@executable_path/Frameworks",
				);
				PRODUCT_BUNDLE_IDENTIFIER = com.krishnilbhojani.Vibe;
				PRODUCT_NAME = "$(TARGET_NAME)";
				SWIFT_VERSION = 5.0;
				TARGETED_DEVICE_FAMILY = 1;
			};
			name = Debug;
		};
		7444B84F2441003E009CFC30 /* Release */ = {
			isa = XCBuildConfiguration;
			buildSettings = {
				ASSETCATALOG_COMPILER_APPICON_NAME = AppIcon;
				CODE_SIGN_STYLE = Automatic;
				DEVELOPMENT_TEAM = C2VNGGX9YQ;
				INFOPLIST_FILE = Vibe/Info.plist;
				LD_RUNPATH_SEARCH_PATHS = (
					"$(inherited)",
					"@executable_path/Frameworks",
				);
				PRODUCT_BUNDLE_IDENTIFIER = com.krishnilbhojani.Vibe;
				PRODUCT_NAME = "$(TARGET_NAME)";
				SWIFT_VERSION = 5.0;
				TARGETED_DEVICE_FAMILY = 1;
			};
			name = Release;
		};
/* End XCBuildConfiguration section */

/* Begin XCConfigurationList section */
		7444B83424410037009CFC30 /* Build configuration list for PBXProject "Vibe" */ = {
			isa = XCConfigurationList;
			buildConfigurations = (
				7444B84B2441003E009CFC30 /* Debug */,
				7444B84C2441003E009CFC30 /* Release */,
			);
			defaultConfigurationIsVisible = 0;
			defaultConfigurationName = Release;
		};
		7444B84D2441003E009CFC30 /* Build configuration list for PBXNativeTarget "Vibe" */ = {
			isa = XCConfigurationList;
			buildConfigurations = (
				7444B84E2441003E009CFC30 /* Debug */,
				7444B84F2441003E009CFC30 /* Release */,
			);
			defaultConfigurationIsVisible = 0;
			defaultConfigurationName = Release;
		};
/* End XCConfigurationList section */
	};
	rootObject = 7444B83124410037009CFC30 /* Project object */;
}
